
Microsoft Visual Studio Solution File, Format Version 12.00
# Visual Studio Version 17
VisualStudioVersion = 17.14.36705.20 d17.14
MinimumVisualStudioVersion = 10.0.40219.1
Project("{8BC9CEB8-8B4A-11D0-8D11-00A0C91BC942}") = "task01", "Lesson49projectsolution\Lesson49projectsolution.vcxproj", "{3BACBEFB-6D72-4877-83E3-E72E45B51BF7}"
EndProject
Project("{8BC9CEB8-8B4A-11D0-8D11-00A0C91BC942}") = "task02", "task02\task02.vcxproj", "{202C4086-DBF2-4EBC-A35D-B1A473F930C8}"
EndProject
Global
	GlobalSection(SolutionConfigurationPlatforms) = preSolution
		Debug|x64 = Debug|x64
		Debug|x86 = Debug|x86
		Release|x64 = Release|x64
		Release|x86 = Release|x86
	EndGlobalSection
	GlobalSection(ProjectConfigurationPlatforms) = postSolution
		{3BACBEFB-6D72-4877-83E3-E72E45B51BF7}.Debug|x64.ActiveCfg = Debug|x64
		{3BACBEFB-6D72-4877-83E3-E72E45B51BF7}.Debug|x64.Build.0 = Debug|x64
		{3BACBEFB-6D72-4877-83E3-E72E45B51BF7}.Debug|x86.ActiveCfg = Debug|Win32
		{3BACBEFB-6D72-4877-83E3-E72E45B51BF7}.Debug|x86.Build.0 = Debug|Win32
		{3BACBEFB-6D72-4877-83E3-E72E45B51BF7}.Release|x64.ActiveCfg = Release|x64
		{3BACBEFB-6D72-4877-83E3-E72E45B51BF7}.Release|x64.Build.0 = Release|x64
		{3BACBEFB-6D72-4877-83E3-E72E45B51BF7}.Release|x86.ActiveCfg = Release|Win32
		{3BACBEFB-6D72-4877-83E3-E72E45B51BF7}.Release|x86.Build.0 = Release|Win32
		{202C4086-DBF2-4EBC-A35D-B1A473F930C8}.Debug|x64.ActiveCfg = Debug|x64
		{202C4086-DBF2-4EBC-A35D-B1A473F930C8}.Debug|x64.Build.0 = Debug|x64
		{202C4086-DBF2-4EBC-A35D-B1A473F930C8}.Debug|x86.ActiveCfg = Debug|Win32
		{202C4086-DBF2-4EBC-A35D-B1A473F930C8}.Debug|x86.Build.0 = Debug|Win32
		{202C4086-DBF2-4EBC-A35D-B1A473F930C8}.Release|x64.ActiveCfg = Release|x64
		{202C4086-DBF2-4EBC-A35D-B1A473F930C8}.Release|x64.Build.0 = Release|x64
		{202C4086-DBF2-4EBC-A35D-B1A473F930C8}.Release|x86.ActiveCfg = Release|Win32
		{202C4086-DBF2-4EBC-A35D-B1A473F930C8}.Release|x86.Build.0 = Release|Win32
	EndGlobalSection
	GlobalSection(SolutionProperties) = preSolution
		HideSolutionNode = FALSE
	EndGlobalSection
	GlobalSection(ExtensibilityGlobals) = postSolution
		SolutionGuid = {33C303FF-A623-46F3-A2CB-E8571BEDF3EE}
	EndGlobalSection
EndGlobal
